# THIS IS AN AUTOGENERATED FILE. DO NOT EDIT THIS FILE DIRECTLY.
# yarn lockfile v1


react-circular-progressbar@^2.0.3:
  version "2.0.3"
  resolved "https://registry.yarnpkg.com/react-circular-progressbar/-/react-circular-progressbar-2.0.3.tgz#fa8eb59f8db168d2904bae4590641792c80f5991"
  integrity sha512-YKN+xAShXA3gYihevbQZbavfiJxo83Dt1cUxqg/cltj4VVsRQpDr7Fg1mvjDG3x1KHGtd9NmYKvJ2mMrPwbKyw==
